
Microsoft Visual Studio Solution File, Format Version 12.00
# Visual Studio Version 16
VisualStudioVersion = 16.0.29519.87
MinimumVisualStudioVersion = 10.0.40219.1
Project("{FAE04EC0-301F-11D3-BF4B-00C04F79EFBC}") = "paint", "paint\paint.csproj", "{5D3137E6-643A-424E-8193-032446DD2296}"
EndProject
Global
	GlobalSection(SolutionConfigurationPlatforms) = preSolution
		Debug|Any CPU = Debug|Any CPU
		Release|Any CPU = Release|Any CPU
	EndGlobalSection
	GlobalSection(ProjectConfigurationPlatforms) = postSolution
		{5D3137E6-643A-424E-8193-032446DD2296}.Debug|Any CPU.ActiveCfg = Debug|Any CPU
		{5D3137E6-643A-424E-8193-032446DD2296}.Debug|Any CPU.Build.0 = Debug|Any CPU
		{5D3137E6-643A-424E-8193-032446DD2296}.Release|Any CPU.ActiveCfg = Release|Any CPU
		{5D3137E6-643A-424E-8193-032446DD2296}.Release|Any CPU.Build.0 = Release|Any CPU
	EndGlobalSection
	GlobalSection(SolutionProperties) = preSolution
		HideSolutionNode = FALSE
	EndGlobalSection
	GlobalSection(ExtensibilityGlobals) = postSolution
		SolutionGuid = {59F9E7E1-BB4D-41D9-9AD3-632F6900EB53}
	EndGlobalSection
EndGlobal
